# This file is generated by running "yarn install" inside your project.
# Manual changes might be lost - proceed with caution!

__metadata:
  version: 8
  cacheKey: 10c0

"InClassProject@workspace:.":
  version: 0.0.0-use.local
  resolution: "InClassProject@workspace:."
  dependencies:
    bootstrap: "npm:v5.3.5"
  languageName: unknown
  linkType: soft

"bootstrap@npm:v5.3.5":
  version: 5.3.5
  resolution: "bootstrap@npm:5.3.5"
  peerDependencies:
    "@popperjs/core": ^2.11.8
  checksum: 10c0/f0da8bd5e5f743d2d5f73ef531cec2483dec1da3e7aad1ce99d8823800eaedc2982e4c199eff9faf4630d3879261952f1f50c84bcb70ca75168dd5180cfc56ac
  languageName: node
  linkType: hard
